
Microsoft Visual Studio Solution File, Format Version 12.00
# Visual Studio Version 17
VisualStudioVersion = 17.5.33424.131
MinimumVisualStudioVersion = 10.0.40219.1
Project("{FAE04EC0-301F-11D3-BF4B-00C04F79EFBC}") = "funkce", "funkce\funkce.csproj", "{BAF2604B-1F78-4015-B995-A997389FCCE7}"
EndProject
Global
	GlobalSection(SolutionConfigurationPlatforms) = preSolution
		Debug|Any CPU = Debug|Any CPU
		Release|Any CPU = Release|Any CPU
	EndGlobalSection
	GlobalSection(ProjectConfigurationPlatforms) = postSolution
		{BAF2604B-1F78-4015-B995-A997389FCCE7}.Debug|Any CPU.ActiveCfg = Debug|Any CPU
		{BAF2604B-1F78-4015-B995-A997389FCCE7}.Debug|Any CPU.Build.0 = Debug|Any CPU
		{BAF2604B-1F78-4015-B995-A997389FCCE7}.Release|Any CPU.ActiveCfg = Release|Any CPU
		{BAF2604B-1F78-4015-B995-A997389FCCE7}.Release|Any CPU.Build.0 = Release|Any CPU
	EndGlobalSection
	GlobalSection(SolutionProperties) = preSolution
		HideSolutionNode = FALSE
	EndGlobalSection
	GlobalSection(ExtensibilityGlobals) = postSolution
		SolutionGuid = {375875D2-F565-4260-9458-6F5BFB9E236F}
	EndGlobalSection
EndGlobal
